# This file is generated by running "yarn install" inside your project.
# Manual changes might be lost - proceed with caution!

__metadata:
  version: 6
  cacheKey: 8

"openapi-fetch@npm:^0.8.2":
  version: 0.8.2
  resolution: "openapi-fetch@npm:0.8.2"
  dependencies:
    openapi-typescript-helpers: ^0.0.5
  checksum: 05541a2559f51c86e3fdd5369596002fdf3230b481241211ea79965900b5a0428cb34b8062ea24cd7e4a974feec6e54287f4d64c194e93b68925024d7f488463
  languageName: node
  linkType: hard

"openapi-typescript-helpers@npm:^0.0.5":
  version: 0.0.5
  resolution: "openapi-typescript-helpers@npm:0.0.5"
  checksum: 1c1024e552af9f3bdf3ab7a76bd7208f783f9af53b9cfebc86984e700e85df071a73cf5f560cb295a547a0dc88ccd87a689a7fd286781e3b04716af8aa583898
  languageName: node
  linkType: hard

"poc@workspace:.":
  version: 0.0.0-use.local
  resolution: "poc@workspace:."
  dependencies:
    openapi-fetch: ^0.8.2
    typescript: ^5.3.2
  languageName: unknown
  linkType: soft

"typescript@npm:^5.3.2":
  version: 5.3.2
  resolution: "typescript@npm:5.3.2"
  bin:
    tsc: bin/tsc
    tsserver: bin/tsserver
  checksum: d92534dda639eb825db013203404c1fabca8ac630564283c9e7dc9e64fd9c9346c2de95ecebdf3e6e8c1c32941bca1cfe0da37877611feb9daf8feeaea58d230
  languageName: node
  linkType: hard

"typescript@patch:typescript@^5.3.2#~builtin<compat/typescript>":
  version: 5.3.2
  resolution: "typescript@patch:typescript@npm%3A5.3.2#~builtin<compat/typescript>::version=5.3.2&hash=77c9e2"
  bin:
    tsc: bin/tsc
    tsserver: bin/tsserver
  checksum: c034461079fbfde3cb584ddee52afccb15b6e32a0ce186d0b2719968786f7ca73e1b07f71fac4163088790b16811c6ccf79680de190664ef66ff0ba9c1fe4a23
  languageName: node
  linkType: hard
